
Microsoft Visual Studio Solution File, Format Version 12.00
# Visual Studio Version 16
VisualStudioVersion = 16.0.30907.101
MinimumVisualStudioVersion = 10.0.40219.1
Project("{9A19103F-16F7-4668-BE54-9A1E7A4F7556}") = "FileManagementLib", "FileManagementLib\FileManagementLib.csproj", "{3B34849B-249D-4A16-827C-ECD862C519FC}"
EndProject
Project("{9A19103F-16F7-4668-BE54-9A1E7A4F7556}") = "ConsoleApp", "ConsoleApp\ConsoleApp.csproj", "{0AA6D5B6-361F-48D3-890C-725DA3F16407}"
EndProject
Project("{FAE04EC0-301F-11D3-BF4B-00C04F79EFBC}") = "UserInterface", "UserInterface\UserInterface.csproj", "{7251D6B3-B3CC-4812-9B4A-221AF722E0C5}"
EndProject
Global
	GlobalSection(SolutionConfigurationPlatforms) = preSolution
		Debug|Any CPU = Debug|Any CPU
		Release|Any CPU = Release|Any CPU
	EndGlobalSection
	GlobalSection(ProjectConfigurationPlatforms) = postSolution
		{3B34849B-249D-4A16-827C-ECD862C519FC}.Debug|Any CPU.ActiveCfg = Debug|Any CPU
		{3B34849B-249D-4A16-827C-ECD862C519FC}.Debug|Any CPU.Build.0 = Debug|Any CPU
		{3B34849B-249D-4A16-827C-ECD862C519FC}.Release|Any CPU.ActiveCfg = Release|Any CPU
		{3B34849B-249D-4A16-827C-ECD862C519FC}.Release|Any CPU.Build.0 = Release|Any CPU
		{0AA6D5B6-361F-48D3-890C-725DA3F16407}.Debug|Any CPU.ActiveCfg = Debug|Any CPU
		{0AA6D5B6-361F-48D3-890C-725DA3F16407}.Debug|Any CPU.Build.0 = Debug|Any CPU
		{0AA6D5B6-361F-48D3-890C-725DA3F16407}.Release|Any CPU.ActiveCfg = Release|Any CPU
		{0AA6D5B6-361F-48D3-890C-725DA3F16407}.Release|Any CPU.Build.0 = Release|Any CPU
		{7251D6B3-B3CC-4812-9B4A-221AF722E0C5}.Debug|Any CPU.ActiveCfg = Debug|Any CPU
		{7251D6B3-B3CC-4812-9B4A-221AF722E0C5}.Debug|Any CPU.Build.0 = Debug|Any CPU
		{7251D6B3-B3CC-4812-9B4A-221AF722E0C5}.Release|Any CPU.ActiveCfg = Release|Any CPU
		{7251D6B3-B3CC-4812-9B4A-221AF722E0C5}.Release|Any CPU.Build.0 = Release|Any CPU
	EndGlobalSection
	GlobalSection(SolutionProperties) = preSolution
		HideSolutionNode = FALSE
	EndGlobalSection
	GlobalSection(ExtensibilityGlobals) = postSolution
		SolutionGuid = {B521F9E8-F71C-454E-8D8A-3610B571F68F}
	EndGlobalSection
EndGlobal
